
Microsoft Visual Studio Solution File, Format Version 12.00
Project("{FAE04EC0-301F-11D3-BF4B-00C04F79EFBC}") = "task13", "task13\task13.csproj", "{5A500F06-1AB1-4D32-83AB-928CAF9484CE}"
EndProject
Global
	GlobalSection(SolutionConfigurationPlatforms) = preSolution
		Debug|Any CPU = Debug|Any CPU
		Release|Any CPU = Release|Any CPU
	EndGlobalSection
	GlobalSection(ProjectConfigurationPlatforms) = postSolution
		{5A500F06-1AB1-4D32-83AB-928CAF9484CE}.Debug|Any CPU.ActiveCfg = Debug|Any CPU
		{5A500F06-1AB1-4D32-83AB-928CAF9484CE}.Debug|Any CPU.Build.0 = Debug|Any CPU
		{5A500F06-1AB1-4D32-83AB-928CAF9484CE}.Release|Any CPU.ActiveCfg = Release|Any CPU
		{5A500F06-1AB1-4D32-83AB-928CAF9484CE}.Release|Any CPU.Build.0 = Release|Any CPU
	EndGlobalSection
EndGlobal
